PODS:
  - OLMKit (3.1.4):
    - OLMKit/olmc (= 3.1.4)
    - OLMKit/olmcpp (= 3.1.4)
  - OLMKit/olmc (3.1.4)
  - OLMKit/olmcpp (3.1.4)

DEPENDENCIES:
  - OLMKit (from `../OLMKit.podspec`)

EXTERNAL SOURCES:
  OLMKit:
    :path: "../OLMKit.podspec"

SPEC CHECKSUMS:
  OLMKit: 36c328d40528345830417a61803d7a515a2f4f64

PODFILE CHECKSUM: 4e261dae61d833ec5585ced2473023b98909fd35

COCOAPODS: 1.8.4
